// !$*UTF8*$!
{
	archiveVersion = 1;
	classes = {
	};
	objectVersion = 50;
	objects = {

/* Begin PBXBuildFile section */
		3304C7C4241DD174007BC384 /* UIColorExtension.swift in Sources */ = {isa = PBXBuildFile; fileRef = 3304C7C3241DD174007BC384 /* UIColorExtension.swift */; };
		33056E16241B3FE100E2FBF9 /* CoreDataStack.swift in Sources */ = {isa = PBXBuildFile; fileRef = 33056E15241B3FE100E2FBF9 /* CoreDataStack.swift */; };
		33056E44241CF40500E2FBF9 /* Task+CoreDataClass.swift in Sources */ = {isa = PBXBuildFile; fileRef = 33056E43241CF40500E2FBF9 /* Task+CoreDataClass.swift */; };
		33233F9224148DA700A9395D /* AppDelegate.swift in Sources */ = {isa = PBXBuildFile; fileRef = 33233F9124148DA700A9395D /* AppDelegate.swift */; };
		33233F9424148DA700A9395D /* SceneDelegate.swift in Sources */ = {isa = PBXBuildFile; fileRef = 33233F9324148DA700A9395D /* SceneDelegate.swift */; };
		33233F9924148DA700A9395D /* Main.storyboard in Resources */ = {isa = PBXBuildFile; fileRef = 33233F9724148DA700A9395D /* Main.storyboard */; };
		33233F9B24148DAB00A9395D /* Assets.xcassets in Resources */ = {isa = PBXBuildFile; fileRef = 33233F9A24148DAB00A9395D /* Assets.xcassets */; };
		33233F9E24148DAB00A9395D /* LaunchScreen.storyboard in Resources */ = {isa = PBXBuildFile; fileRef = 33233F9C24148DAB00A9395D /* LaunchScreen.storyboard */; };
		33233FA924148DAC00A9395D /* OrganizeItAllTests.swift in Sources */ = {isa = PBXBuildFile; fileRef = 33233FA824148DAC00A9395D /* OrganizeItAllTests.swift */; };
		33233FB424148DAC00A9395D /* OrganizeItAllUITests.swift in Sources */ = {isa = PBXBuildFile; fileRef = 33233FB324148DAC00A9395D /* OrganizeItAllUITests.swift */; };
		3330D321241EC5C6003BB8F5 /* List+CoreDataClass.swift in Sources */ = {isa = PBXBuildFile; fileRef = 3330D31F241EC5C6003BB8F5 /* List+CoreDataClass.swift */; };
		3330D326241F1DE6003BB8F5 /* ListTableViewController.swift in Sources */ = {isa = PBXBuildFile; fileRef = 3330D325241F1DE6003BB8F5 /* ListTableViewController.swift */; };
		3330D328241F1E0D003BB8F5 /* ListTableViewCell.swift in Sources */ = {isa = PBXBuildFile; fileRef = 3330D327241F1E0D003BB8F5 /* ListTableViewCell.swift */; };
		3330D32B241F2823003BB8F5 /* OrganizeItAll.xcdatamodeld in Sources */ = {isa = PBXBuildFile; fileRef = 3330D329241F2823003BB8F5 /* OrganizeItAll.xcdatamodeld */; };
		3330D334241F29BB003BB8F5 /* List+CoreDataProperties.swift in Sources */ = {isa = PBXBuildFile; fileRef = 3330D332241F29BB003BB8F5 /* List+CoreDataProperties.swift */; };
		3330D335241F29BB003BB8F5 /* Task+CoreDataProperties.swift in Sources */ = {isa = PBXBuildFile; fileRef = 3330D333241F29BB003BB8F5 /* Task+CoreDataProperties.swift */; };
		3330D337241FAB84003BB8F5 /* CreateListViewController.swift in Sources */ = {isa = PBXBuildFile; fileRef = 3330D336241FAB84003BB8F5 /* CreateListViewController.swift */; };
		336F15132420836C00E8D693 /* EditListViewController.swift in Sources */ = {isa = PBXBuildFile; fileRef = 336F15122420836C00E8D693 /* EditListViewController.swift */; };
		BDA442CA2453B0720029C9FE /* StringExtensions.swift in Sources */ = {isa = PBXBuildFile; fileRef = BDA442C92453B0720029C9FE /* StringExtensions.swift */; };
		BDCD27D2244FFBD100CFE90A /* Circle.swift in Sources */ = {isa = PBXBuildFile; fileRef = BDCD27D1244FFBD100CFE90A /* Circle.swift */; };
		BDCD27D6244FFC4300CFE90A /* MView.swift in Sources */ = {isa = PBXBuildFile; fileRef = BDCD27D5244FFC4300CFE90A /* MView.swift */; };
		BDEE47FD245006A70024A4C8 /* ScrollingKBHandlingViewController.swift in Sources */ = {isa = PBXBuildFile; fileRef = BDEE47FC245006A70024A4C8 /* ScrollingKBHandlingViewController.swift */; };
		BDF3E1DF2450303900E01BDC /* UIViewLayout+Extensions.swift in Sources */ = {isa = PBXBuildFile; fileRef = BDF3E1DE2450303900E01BDC /* UIViewLayout+Extensions.swift */; };
		BDF3E1E12450373500E01BDC /* CustomStackview.swift in Sources */ = {isa = PBXBuildFile; fileRef = BDF3E1E02450373500E01BDC /* CustomStackview.swift */; };
		BDF3E1E52450482C00E01BDC /* HeightAwareLabel.swift in Sources */ = {isa = PBXBuildFile; fileRef = BDF3E1E42450482C00E01BDC /* HeightAwareLabel.swift */; };
/* End PBXBuildFile section */

/* Begin PBXContainerItemProxy section */
		33233FA524148DAC00A9395D /* PBXContainerItemProxy */ = {
			isa = PBXContainerItemProxy;
			containerPortal = 33233F8624148DA600A9395D /* Project object */;
			proxyType = 1;
			remoteGlobalIDString = 33233F8D24148DA700A9395D;
			remoteInfo = OrganizeItAll;
		};
		33233FB024148DAC00A9395D /* PBXContainerItemProxy */ = {
			isa = PBXContainerItemProxy;
			containerPortal = 33233F8624148DA600A9395D /* Project object */;
			proxyType = 1;
			remoteGlobalIDString = 33233F8D24148DA700A9395D;
			remoteInfo = OrganizeItAll;
		};
/* End PBXContainerItemProxy section */

/* Begin PBXFileReference section */
		3304C7C3241DD174007BC384 /* UIColorExtension.swift */ = {isa = PBXFileReference; lastKnownFileType = sourcecode.swift; path = UIColorExtension.swift; sourceTree = "<group>"; };
		33056E15241B3FE100E2FBF9 /* CoreDataStack.swift */ = {isa = PBXFileReference; lastKnownFileType = sourcecode.swift; path = CoreDataStack.swift; sourceTree = "<group>"; };
		33056E43241CF40500E2FBF9 /* Task+CoreDataClass.swift */ = {isa = PBXFileReference; lastKnownFileType = sourcecode.swift; path = "Task+CoreDataClass.swift"; sourceTree = "<group>"; };
		33233F8E24148DA700A9395D /* OrganizeItAll.app */ = {isa = PBXFileReference; explicitFileType = wrapper.application; includeInIndex = 0; path = OrganizeItAll.app; sourceTree = BUILT_PRODUCTS_DIR; };
		33233F9124148DA700A9395D /* AppDelegate.swift */ = {isa = PBXFileReference; lastKnownFileType = sourcecode.swift; path = AppDelegate.swift; sourceTree = "<group>"; };
		33233F9324148DA700A9395D /* SceneDelegate.swift */ = {isa = PBXFileReference; lastKnownFileType = sourcecode.swift; path = SceneDelegate.swift; sourceTree = "<group>"; };
		33233F9824148DA700A9395D /* Base */ = {isa = PBXFileReference; lastKnownFileType = file.storyboard; name = Base; path = Base.lproj/Main.storyboard; sourceTree = "<group>"; };
		33233F9A24148DAB00A9395D /* Assets.xcassets */ = {isa = PBXFileReference; lastKnownFileType = folder.assetcatalog; path = Assets.xcassets; sourceTree = "<group>"; };
		33233F9D24148DAB00A9395D /* Base */ = {isa = PBXFileReference; lastKnownFileType = file.storyboard; name = Base; path = Base.lproj/LaunchScreen.storyboard; sourceTree = "<group>"; };
		33233F9F24148DAB00A9395D /* Info.plist */ = {isa = PBXFileReference; lastKnownFileType = text.plist.xml; path = Info.plist; sourceTree = "<group>"; };
		33233FA424148DAC00A9395D /* OrganizeItAllTests.xctest */ = {isa = PBXFileReference; explicitFileType = wrapper.cfbundle; includeInIndex = 0; path = OrganizeItAllTests.xctest; sourceTree = BUILT_PRODUCTS_DIR; };
		33233FA824148DAC00A9395D /* OrganizeItAllTests.swift */ = {isa = PBXFileReference; lastKnownFileType = sourcecode.swift; path = OrganizeItAllTests.swift; sourceTree = "<group>"; };
		33233FAA24148DAC00A9395D /* Info.plist */ = {isa = PBXFileReference; lastKnownFileType = text.plist.xml; path = Info.plist; sourceTree = "<group>"; };
		33233FAF24148DAC00A9395D /* OrganizeItAllUITests.xctest */ = {isa = PBXFileReference; explicitFileType = wrapper.cfbundle; includeInIndex = 0; path = OrganizeItAllUITests.xctest; sourceTree = BUILT_PRODUCTS_DIR; };
		33233FB324148DAC00A9395D /* OrganizeItAllUITests.swift */ = {isa = PBXFileReference; lastKnownFileType = sourcecode.swift; path = OrganizeItAllUITests.swift; sourceTree = "<group>"; };
		33233FB524148DAC00A9395D /* Info.plist */ = {isa = PBXFileReference; lastKnownFileType = text.plist.xml; path = Info.plist; sourceTree = "<group>"; };
		3330D31F241EC5C6003BB8F5 /* List+CoreDataClass.swift */ = {isa = PBXFileReference; lastKnownFileType = sourcecode.swift; path = "List+CoreDataClass.swift"; sourceTree = "<group>"; };
		3330D325241F1DE6003BB8F5 /* ListTableViewController.swift */ = {isa = PBXFileReference; lastKnownFileType = sourcecode.swift; path = ListTableViewController.swift; sourceTree = "<group>"; };
		3330D327241F1E0D003BB8F5 /* ListTableViewCell.swift */ = {isa = PBXFileReference; lastKnownFileType = sourcecode.swift; path = ListTableViewCell.swift; sourceTree = "<group>"; };
		3330D32A241F2823003BB8F5 /* OrganizeItAll.xcdatamodel */ = {isa = PBXFileReference; lastKnownFileType = wrapper.xcdatamodel; path = OrganizeItAll.xcdatamodel; sourceTree = "<group>"; };
		3330D332241F29BB003BB8F5 /* List+CoreDataProperties.swift */ = {isa = PBXFileReference; lastKnownFileType = sourcecode.swift; path = "List+CoreDataProperties.swift"; sourceTree = "<group>"; };
		3330D333241F29BB003BB8F5 /* Task+CoreDataProperties.swift */ = {isa = PBXFileReference; lastKnownFileType = sourcecode.swift; path = "Task+CoreDataProperties.swift"; sourceTree = "<group>"; };
		3330D336241FAB84003BB8F5 /* CreateListViewController.swift */ = {isa = PBXFileReference; lastKnownFileType = sourcecode.swift; path = CreateListViewController.swift; sourceTree = "<group>"; };
		336F15122420836C00E8D693 /* EditListViewController.swift */ = {isa = PBXFileReference; fileEncoding = 4; lastKnownFileType = sourcecode.swift; path = EditListViewController.swift; sourceTree = "<group>"; };
		BDA442C92453B0720029C9FE /* StringExtensions.swift */ = {isa = PBXFileReference; lastKnownFileType = sourcecode.swift; path = StringExtensions.swift; sourceTree = "<group>"; };
		BDCD27D1244FFBD100CFE90A /* Circle.swift */ = {isa = PBXFileReference; lastKnownFileType = sourcecode.swift; path = Circle.swift; sourceTree = "<group>"; };
		BDCD27D5244FFC4300CFE90A /* MView.swift */ = {isa = PBXFileReference; lastKnownFileType = sourcecode.swift; path = MView.swift; sourceTree = "<group>"; };
		BDEE47FC245006A70024A4C8 /* ScrollingKBHandlingViewController.swift */ = {isa = PBXFileReference; lastKnownFileType = sourcecode.swift; path = ScrollingKBHandlingViewController.swift; sourceTree = "<group>"; };
		BDF3E1DE2450303900E01BDC /* UIViewLayout+Extensions.swift */ = {isa = PBXFileReference; lastKnownFileType = sourcecode.swift; path = "UIViewLayout+Extensions.swift"; sourceTree = "<group>"; };
		BDF3E1E02450373500E01BDC /* CustomStackview.swift */ = {isa = PBXFileReference; lastKnownFileType = sourcecode.swift; path = CustomStackview.swift; sourceTree = "<group>"; };
		BDF3E1E42450482C00E01BDC /* HeightAwareLabel.swift */ = {isa = PBXFileReference; lastKnownFileType = sourcecode.swift; path = HeightAwareLabel.swift; sourceTree = "<group>"; };
/* End PBXFileReference section */

/* Begin PBXFrameworksBuildPhase section */
		33233F8B24148DA700A9395D /* Frameworks */ = {
			isa = PBXFrameworksBuildPhase;
			buildActionMask = 2147483647;
			files = (
			);
			runOnlyForDeploymentPostprocessing = 0;
		};
		33233FA124148DAC00A9395D /* Frameworks */ = {
			isa = PBXFrameworksBuildPhase;
			buildActionMask = 2147483647;
			files = (
			);
			runOnlyForDeploymentPostprocessing = 0;
		};
		33233FAC24148DAC00A9395D /* Frameworks */ = {
			isa = PBXFrameworksBuildPhase;
			buildActionMask = 2147483647;
			files = (
			);
			runOnlyForDeploymentPostprocessing = 0;
		};
/* End PBXFrameworksBuildPhase section */

/* Begin PBXGroup section */
		33056E11241A56F400E2FBF9 /* model */ = {
			isa = PBXGroup;
			children = (
				33056E17241C38CD00E2FBF9 /* data */,
				33056E15241B3FE100E2FBF9 /* CoreDataStack.swift */,
			);
			path = model;
			sourceTree = "<group>";
		};
		33056E17241C38CD00E2FBF9 /* data */ = {
			isa = PBXGroup;
			children = (
				3330D332241F29BB003BB8F5 /* List+CoreDataProperties.swift */,
				3330D333241F29BB003BB8F5 /* Task+CoreDataProperties.swift */,
				3330D329241F2823003BB8F5 /* OrganizeItAll.xcdatamodeld */,
				3330D31F241EC5C6003BB8F5 /* List+CoreDataClass.swift */,
				33056E43241CF40500E2FBF9 /* Task+CoreDataClass.swift */,
			);
			path = data;
			sourceTree = "<group>";
		};
		33233F8524148DA600A9395D = {
			isa = PBXGroup;
			children = (
				33233F9024148DA700A9395D /* OrganizeItAll */,
				33233FA724148DAC00A9395D /* OrganizeItAllTests */,
				33233FB224148DAC00A9395D /* OrganizeItAllUITests */,
				33233F8F24148DA700A9395D /* Products */,
			);
			sourceTree = "<group>";
		};
		33233F8F24148DA700A9395D /* Products */ = {
			isa = PBXGroup;
			children = (
				33233F8E24148DA700A9395D /* OrganizeItAll.app */,
				33233FA424148DAC00A9395D /* OrganizeItAllTests.xctest */,
				33233FAF24148DAC00A9395D /* OrganizeItAllUITests.xctest */,
			);
			name = Products;
			sourceTree = "<group>";
		};
		33233F9024148DA700A9395D /* OrganizeItAll */ = {
			isa = PBXGroup;
			children = (
				BDCD27D3244FFBDD00CFE90A /* Core Engine */,
				33233FC72415AFAE00A9395D /* views */,
				33056E11241A56F400E2FBF9 /* model */,
				33233F9124148DA700A9395D /* AppDelegate.swift */,
				33233F9324148DA700A9395D /* SceneDelegate.swift */,
				33233F9724148DA700A9395D /* Main.storyboard */,
				33233F9A24148DAB00A9395D /* Assets.xcassets */,
				33233F9C24148DAB00A9395D /* LaunchScreen.storyboard */,
				33233F9F24148DAB00A9395D /* Info.plist */,
			);
			path = OrganizeItAll;
			sourceTree = "<group>";
		};
		33233FA724148DAC00A9395D /* OrganizeItAllTests */ = {
			isa = PBXGroup;
			children = (
				33233FA824148DAC00A9395D /* OrganizeItAllTests.swift */,
				33233FAA24148DAC00A9395D /* Info.plist */,
			);
			path = OrganizeItAllTests;
			sourceTree = "<group>";
		};
		33233FB224148DAC00A9395D /* OrganizeItAllUITests */ = {
			isa = PBXGroup;
			children = (
				33233FB324148DAC00A9395D /* OrganizeItAllUITests.swift */,
				33233FB524148DAC00A9395D /* Info.plist */,
			);
			path = OrganizeItAllUITests;
			sourceTree = "<group>";
		};
		33233FC72415AFAE00A9395D /* views */ = {
			isa = PBXGroup;
			children = (
				3330D323241F1D68003BB8F5 /* list */,
			);
			path = views;
			sourceTree = "<group>";
		};
		3330D323241F1D68003BB8F5 /* list */ = {
			isa = PBXGroup;
			children = (
				3330D325241F1DE6003BB8F5 /* ListTableViewController.swift */,
				3330D327241F1E0D003BB8F5 /* ListTableViewCell.swift */,
				3330D336241FAB84003BB8F5 /* CreateListViewController.swift */,
				336F15122420836C00E8D693 /* EditListViewController.swift */,
			);
			path = list;
			sourceTree = "<group>";
		};
		BDCD27D0244FFBB000CFE90A /* UI */ = {
			isa = PBXGroup;
			children = (
				BDCD27D1244FFBD100CFE90A /* Circle.swift */,
				BDCD27D5244FFC4300CFE90A /* MView.swift */,
				BDF3E1E02450373500E01BDC /* CustomStackview.swift */,
				BDF3E1E42450482C00E01BDC /* HeightAwareLabel.swift */,
			);
			path = UI;
			sourceTree = "<group>";
		};
		BDCD27D3244FFBDD00CFE90A /* Core Engine */ = {
			isa = PBXGroup;
			children = (
				BDCD27D4244FFC1800CFE90A /* View Extensions */,
				BDCD27D0244FFBB000CFE90A /* UI */,
				BDEE47FC245006A70024A4C8 /* ScrollingKBHandlingViewController.swift */,
			);
			path = "Core Engine";
			sourceTree = "<group>";
		};
		BDCD27D4244FFC1800CFE90A /* View Extensions */ = {
			isa = PBXGroup;
			children = (
				3304C7C3241DD174007BC384 /* UIColorExtension.swift */,
				BDF3E1DE2450303900E01BDC /* UIViewLayout+Extensions.swift */,
				BDA442C92453B0720029C9FE /* StringExtensions.swift */,
			);
			path = "View Extensions";
			sourceTree = "<group>";
		};
/* End PBXGroup section */

/* Begin PBXNativeTarget section */
		33233F8D24148DA700A9395D /* OrganizeItAll */ = {
			isa = PBXNativeTarget;
			buildConfigurationList = 33233FB824148DAC00A9395D /* Build configuration list for PBXNativeTarget "OrganizeItAll" */;
			buildPhases = (
				33233F8A24148DA700A9395D /* Sources */,
				33233F8B24148DA700A9395D /* Frameworks */,
				33233F8C24148DA700A9395D /* Resources */,
			);
			buildRules = (
			);
			dependencies = (
			);
			name = OrganizeItAll;
			productName = OrganizeItAll;
			productReference = 33233F8E24148DA700A9395D /* OrganizeItAll.app */;
			productType = "com.apple.product-type.application";
		};
		33233FA324148DAC00A9395D /* OrganizeItAllTests */ = {
			isa = PBXNativeTarget;
			buildConfigurationList = 33233FBB24148DAC00A9395D /* Build configuration list for PBXNativeTarget "OrganizeItAllTests" */;
			buildPhases = (
				33233FA024148DAC00A9395D /* Sources */,
				33233FA124148DAC00A9395D /* Frameworks */,
				33233FA224148DAC00A9395D /* Resources */,
			);
			buildRules = (
			);
			dependencies = (
				33233FA624148DAC00A9395D /* PBXTargetDependency */,
			);
			name = OrganizeItAllTests;
			productName = OrganizeItAllTests;
			productReference = 33233FA424148DAC00A9395D /* OrganizeItAllTests.xctest */;
			productType = "com.apple.product-type.bundle.unit-test";
		};
		33233FAE24148DAC00A9395D /* OrganizeItAllUITests */ = {
			isa = PBXNativeTarget;
			buildConfigurationList = 33233FBE24148DAC00A9395D /* Build configuration list for PBXNativeTarget "OrganizeItAllUITests" */;
			buildPhases = (
				33233FAB24148DAC00A9395D /* Sources */,
				33233FAC24148DAC00A9395D /* Frameworks */,
				33233FAD24148DAC00A9395D /* Resources */,
			);
			buildRules = (
			);
			dependencies = (
				33233FB124148DAC00A9395D /* PBXTargetDependency */,
			);
			name = OrganizeItAllUITests;
			productName = OrganizeItAllUITests;
			productReference = 33233FAF24148DAC00A9395D /* OrganizeItAllUITests.xctest */;
			productType = "com.apple.product-type.bundle.ui-testing";
		};
/* End PBXNativeTarget section */

/* Begin PBXProject section */
		33233F8624148DA600A9395D /* Project object */ = {
			isa = PBXProject;
			attributes = {
				LastSwiftUpdateCheck = 1130;
				LastUpgradeCheck = 1130;
				ORGANIZATIONNAME = "MOYA RICHARDS";
				TargetAttributes = {
					33233F8D24148DA700A9395D = {
						CreatedOnToolsVersion = 11.3;
					};
					33233FA324148DAC00A9395D = {
						CreatedOnToolsVersion = 11.3;
						TestTargetID = 33233F8D24148DA700A9395D;
					};
					33233FAE24148DAC00A9395D = {
						CreatedOnToolsVersion = 11.3;
						TestTargetID = 33233F8D24148DA700A9395D;
					};
				};
			};
			buildConfigurationList = 33233F8924148DA600A9395D /* Build configuration list for PBXProject "OrganizeItAll" */;
			compatibilityVersion = "Xcode 9.3";
			developmentRegion = en;
			hasScannedForEncodings = 0;
			knownRegions = (
				en,
				Base,
			);
			mainGroup = 33233F8524148DA600A9395D;
			productRefGroup = 33233F8F24148DA700A9395D /* Products */;
			projectDirPath = "";
			projectRoot = "";
			targets = (
				33233F8D24148DA700A9395D /* OrganizeItAll */,
				33233FA324148DAC00A9395D /* OrganizeItAllTests */,
				33233FAE24148DAC00A9395D /* OrganizeItAllUITests */,
			);
		};
/* End PBXProject section */

/* Begin PBXResourcesBuildPhase section */
		33233F8C24148DA700A9395D /* Resources */ = {
			isa = PBXResourcesBuildPhase;
			buildActionMask = 2147483647;
			files = (
				33233F9E24148DAB00A9395D /* LaunchScreen.storyboard in Resources */,
				33233F9B24148DAB00A9395D /* Assets.xcassets in Resources */,
				33233F9924148DA700A9395D /* Main.storyboard in Resources */,
			);
			runOnlyForDeploymentPostprocessing = 0;
		};
		33233FA224148DAC00A9395D /* Resources */ = {
			isa = PBXResourcesBuildPhase;
			buildActionMask = 2147483647;
			files = (
			);
			runOnlyForDeploymentPostprocessing = 0;
		};
		33233FAD24148DAC00A9395D /* Resources */ = {
			isa = PBXResourcesBuildPhase;
			buildActionMask = 2147483647;
			files = (
			);
			runOnlyForDeploymentPostprocessing = 0;
		};
/* End PBXResourcesBuildPhase section */

/* Begin PBXSourcesBuildPhase section */
		33233F8A24148DA700A9395D /* Sources */ = {
			isa = PBXSourcesBuildPhase;
			buildActionMask = 2147483647;
			files = (
				BDCD27D2244FFBD100CFE90A /* Circle.swift in Sources */,
				3330D334241F29BB003BB8F5 /* List+CoreDataProperties.swift in Sources */,
				BDF3E1E52450482C00E01BDC /* HeightAwareLabel.swift in Sources */,
				3304C7C4241DD174007BC384 /* UIColorExtension.swift in Sources */,
				3330D32B241F2823003BB8F5 /* OrganizeItAll.xcdatamodeld in Sources */,
				BDEE47FD245006A70024A4C8 /* ScrollingKBHandlingViewController.swift in Sources */,
				BDF3E1DF2450303900E01BDC /* UIViewLayout+Extensions.swift in Sources */,
				33056E44241CF40500E2FBF9 /* Task+CoreDataClass.swift in Sources */,
				3330D335241F29BB003BB8F5 /* Task+CoreDataProperties.swift in Sources */,
				33056E16241B3FE100E2FBF9 /* CoreDataStack.swift in Sources */,
				3330D321241EC5C6003BB8F5 /* List+CoreDataClass.swift in Sources */,
				3330D326241F1DE6003BB8F5 /* ListTableViewController.swift in Sources */,
				BDA442CA2453B0720029C9FE /* StringExtensions.swift in Sources */,
				336F15132420836C00E8D693 /* EditListViewController.swift in Sources */,
				33233F9224148DA700A9395D /* AppDelegate.swift in Sources */,
				3330D328241F1E0D003BB8F5 /* ListTableViewCell.swift in Sources */,
				BDCD27D6244FFC4300CFE90A /* MView.swift in Sources */,
				33233F9424148DA700A9395D /* SceneDelegate.swift in Sources */,
				BDF3E1E12450373500E01BDC /* CustomStackview.swift in Sources */,
				3330D337241FAB84003BB8F5 /* CreateListViewController.swift in Sources */,
			);
			runOnlyForDeploymentPostprocessing = 0;
		};
		33233FA024148DAC00A9395D /* Sources */ = {
			isa = PBXSourcesBuildPhase;
			buildActionMask = 2147483647;
			files = (
				33233FA924148DAC00A9395D /* OrganizeItAllTests.swift in Sources */,
			);
			runOnlyForDeploymentPostprocessing = 0;
		};
		33233FAB24148DAC00A9395D /* Sources */ = {
			isa = PBXSourcesBuildPhase;
			buildActionMask = 2147483647;
			files = (
				33233FB424148DAC00A9395D /* OrganizeItAllUITests.swift in Sources */,
			);
			runOnlyForDeploymentPostprocessing = 0;
		};
/* End PBXSourcesBuildPhase section */

/* Begin PBXTargetDependency section */
		33233FA624148DAC00A9395D /* PBXTargetDependency */ = {
			isa = PBXTargetDependency;
			target = 33233F8D24148DA700A9395D /* OrganizeItAll */;
			targetProxy = 33233FA524148DAC00A9395D /* PBXContainerItemProxy */;
		};
		33233FB124148DAC00A9395D /* PBXTargetDependency */ = {
			isa = PBXTargetDependency;
			target = 33233F8D24148DA700A9395D /* OrganizeItAll */;
			targetProxy = 33233FB024148DAC00A9395D /* PBXContainerItemProxy */;
		};
/* End PBXTargetDependency section */

/* Begin PBXVariantGroup section */
		33233F9724148DA700A9395D /* Main.storyboard */ = {
			isa = PBXVariantGroup;
			children = (
				33233F9824148DA700A9395D /* Base */,
			);
			name = Main.storyboard;
			sourceTree = "<group>";
		};
		33233F9C24148DAB00A9395D /* LaunchScreen.storyboard */ = {
			isa = PBXVariantGroup;
			children = (
				33233F9D24148DAB00A9395D /* Base */,
			);
			name = LaunchScreen.storyboard;
			sourceTree = "<group>";
		};
/* End PBXVariantGroup section */

/* Begin XCBuildConfiguration section */
		33233FB624148DAC00A9395D /* Debug */ = {
			isa = XCBuildConfiguration;
			buildSettings = {
				ALWAYS_SEARCH_USER_PATHS = NO;
				CLANG_ANALYZER_NONNULL = YES;
				CLANG_ANALYZER_NUMBER_OBJECT_CONVERSION = YES_AGGRESSIVE;
				CLANG_CXX_LANGUAGE_STANDARD = "gnu++14";
				CLANG_CXX_LIBRARY = "libc++";
				CLANG_ENABLE_MODULES = YES;
				CLANG_ENABLE_OBJC_ARC = YES;
				CLANG_ENABLE_OBJC_WEAK = YES;
				CLANG_WARN_BLOCK_CAPTURE_AUTORELEASING = YES;
				CLANG_WARN_BOOL_CONVERSION = YES;
				CLANG_WARN_COMMA = YES;
				CLANG_WARN_CONSTANT_CONVERSION = YES;
				CLANG_WARN_DEPRECATED_OBJC_IMPLEMENTATIONS = YES;
				CLANG_WARN_DIRECT_OBJC_ISA_USAGE = YES_ERROR;
				CLANG_WARN_DOCUMENTATION_COMMENTS = YES;
				CLANG_WARN_EMPTY_BODY = YES;
				CLANG_WARN_ENUM_CONVERSION = YES;
				CLANG_WARN_INFINITE_RECURSION = YES;
				CLANG_WARN_INT_CONVERSION = YES;
				CLANG_WARN_NON_LITERAL_NULL_CONVERSION = YES;
				CLANG_WARN_OBJC_IMPLICIT_RETAIN_SELF = YES;
				CLANG_WARN_OBJC_LITERAL_CONVERSION = YES;
				CLANG_WARN_OBJC_ROOT_CLASS = YES_ERROR;
				CLANG_WARN_RANGE_LOOP_ANALYSIS = YES;
				CLANG_WARN_STRICT_PROTOTYPES = YES;
				CLANG_WARN_SUSPICIOUS_MOVE = YES;
				CLANG_WARN_UNGUARDED_AVAILABILITY = YES_AGGRESSIVE;
				CLANG_WARN_UNREACHABLE_CODE = YES;
				CLANG_WARN__DUPLICATE_METHOD_MATCH = YES;
				COPY_PHASE_STRIP = NO;
				DEBUG_INFORMATION_FORMAT = dwarf;
				ENABLE_STRICT_OBJC_MSGSEND = YES;
				ENABLE_TESTABILITY = YES;
				GCC_C_LANGUAGE_STANDARD = gnu11;
				GCC_DYNAMIC_NO_PIC = NO;
				GCC_NO_COMMON_BLOCKS = YES;
				GCC_OPTIMIZATION_LEVEL = 0;
				GCC_PREPROCESSOR_DEFINITIONS = (
					"DEBUG=1",
					"$(inherited)",
				);
				GCC_WARN_64_TO_32_BIT_CONVERSION = YES;
				GCC_WARN_ABOUT_RETURN_TYPE = YES_ERROR;
				GCC_WARN_UNDECLARED_SELECTOR = YES;
				GCC_WARN_UNINITIALIZED_AUTOS = YES_AGGRESSIVE;
				GCC_WARN_UNUSED_FUNCTION = YES;
				GCC_WARN_UNUSED_VARIABLE = YES;
				IPHONEOS_DEPLOYMENT_TARGET = 13.2;
				MTL_ENABLE_DEBUG_INFO = INCLUDE_SOURCE;
				MTL_FAST_MATH = YES;
				ONLY_ACTIVE_ARCH = YES;
				SDKROOT = iphoneos;
				SWIFT_ACTIVE_COMPILATION_CONDITIONS = DEBUG;
				SWIFT_OPTIMIZATION_LEVEL = "-Onone";
			};
			name = Debug;
		};
		33233FB724148DAC00A9395D /* Release */ = {
			isa = XCBuildConfiguration;
			buildSettings = {
				ALWAYS_SEARCH_USER_PATHS = NO;
				CLANG_ANALYZER_NONNULL = YES;
				CLANG_ANALYZER_NUMBER_OBJECT_CONVERSION = YES_AGGRESSIVE;
				CLANG_CXX_LANGUAGE_STANDARD = "gnu++14";
				CLANG_CXX_LIBRARY = "libc++";
				CLANG_ENABLE_MODULES = YES;
				CLANG_ENABLE_OBJC_ARC = YES;
				CLANG_ENABLE_OBJC_WEAK = YES;
				CLANG_WARN_BLOCK_CAPTURE_AUTORELEASING = YES;
				CLANG_WARN_BOOL_CONVERSION = YES;
				CLANG_WARN_COMMA = YES;
				CLANG_WARN_CONSTANT_CONVERSION = YES;
				CLANG_WARN_DEPRECATED_OBJC_IMPLEMENTATIONS = YES;
				CLANG_WARN_DIRECT_OBJC_ISA_USAGE = YES_ERROR;
				CLANG_WARN_DOCUMENTATION_COMMENTS = YES;
				CLANG_WARN_EMPTY_BODY = YES;
				CLANG_WARN_ENUM_CONVERSION = YES;
				CLANG_WARN_INFINITE_RECURSION = YES;
				CLANG_WARN_INT_CONVERSION = YES;
				CLANG_WARN_NON_LITERAL_NULL_CONVERSION = YES;
				CLANG_WARN_OBJC_IMPLICIT_RETAIN_SELF = YES;
				CLANG_WARN_OBJC_LITERAL_CONVERSION = YES;
				CLANG_WARN_OBJC_ROOT_CLASS = YES_ERROR;
				CLANG_WARN_RANGE_LOOP_ANALYSIS = YES;
				CLANG_WARN_STRICT_PROTOTYPES = YES;
				CLANG_WARN_SUSPICIOUS_MOVE = YES;
				CLANG_WARN_UNGUARDED_AVAILABILITY = YES_AGGRESSIVE;
				CLANG_WARN_UNREACHABLE_CODE = YES;
				CLANG_WARN__DUPLICATE_METHOD_MATCH = YES;
				COPY_PHASE_STRIP = NO;
				DEBUG_INFORMATION_FORMAT = "dwarf-with-dsym";
				ENABLE_NS_ASSERTIONS = NO;
				ENABLE_STRICT_OBJC_MSGSEND = YES;
				GCC_C_LANGUAGE_STANDARD = gnu11;
				GCC_NO_COMMON_BLOCKS = YES;
				GCC_WARN_64_TO_32_BIT_CONVERSION = YES;
				GCC_WARN_ABOUT_RETURN_TYPE = YES_ERROR;
				GCC_WARN_UNDECLARED_SELECTOR = YES;
				GCC_WARN_UNINITIALIZED_AUTOS = YES_AGGRESSIVE;
				GCC_WARN_UNUSED_FUNCTION = YES;
				GCC_WARN_UNUSED_VARIABLE = YES;
				IPHONEOS_DEPLOYMENT_TARGET = 13.2;
				MTL_ENABLE_DEBUG_INFO = NO;
				MTL_FAST_MATH = YES;
				SDKROOT = iphoneos;
				SWIFT_COMPILATION_MODE = wholemodule;
				SWIFT_OPTIMIZATION_LEVEL = "-O";
				VALIDATE_PRODUCT = YES;
			};
			name = Release;
		};
		33233FB924148DAC00A9395D /* Debug */ = {
			isa = XCBuildConfiguration;
			buildSettings = {
				ASSETCATALOG_COMPILER_APPICON_NAME = AppIcon;
				CODE_SIGN_STYLE = Automatic;
				INFOPLIST_FILE = OrganizeItAll/Info.plist;
				LD_RUNPATH_SEARCH_PATHS = (
					"$(inherited)",
					"@executable_path/Frameworks",
				);
				PRODUCT_BUNDLE_IDENTIFIER = com.moyarich.OrganizeItAll;
				PRODUCT_NAME = "$(TARGET_NAME)";
				SWIFT_VERSION = 5.0;
				TARGETED_DEVICE_FAMILY = "1,2";
			};
			name = Debug;
		};
		33233FBA24148DAC00A9395D /* Release */ = {
			isa = XCBuildConfiguration;
			buildSettings = {
				ASSETCATALOG_COMPILER_APPICON_NAME = AppIcon;
				CODE_SIGN_STYLE = Automatic;
				INFOPLIST_FILE = OrganizeItAll/Info.plist;
				LD_RUNPATH_SEARCH_PATHS = (
					"$(inherited)",
					"@executable_path/Frameworks",
				);
				PRODUCT_BUNDLE_IDENTIFIER = com.moyarich.OrganizeItAll;
				PRODUCT_NAME = "$(TARGET_NAME)";
				SWIFT_VERSION = 5.0;
				TARGETED_DEVICE_FAMILY = "1,2";
			};
			name = Release;
		};
		33233FBC24148DAC00A9395D /* Debug */ = {
			isa = XCBuildConfiguration;
			buildSettings = {
				ALWAYS_EMBED_SWIFT_STANDARD_LIBRARIES = YES;
				BUNDLE_LOADER = "$(TEST_HOST)";
				CODE_SIGN_STYLE = Automatic;
				INFOPLIST_FILE = OrganizeItAllTests/Info.plist;
				IPHONEOS_DEPLOYMENT_TARGET = 13.2;
				LD_RUNPATH_SEARCH_PATHS = (
					"$(inherited)",
					"@executable_path/Frameworks",
					"@loader_path/Frameworks",
				);
				PRODUCT_BUNDLE_IDENTIFIER = com.moyarich.OrganizeItAllTests;
				PRODUCT_NAME = "$(TARGET_NAME)";
				SWIFT_VERSION = 5.0;
				TARGETED_DEVICE_FAMILY = "1,2";
				TEST_HOST = "$(BUILT_PRODUCTS_DIR)/OrganizeItAll.app/OrganizeItAll";
			};
			name = Debug;
		};
		33233FBD24148DAC00A9395D /* Release */ = {
			isa = XCBuildConfiguration;
			buildSettings = {
				ALWAYS_EMBED_SWIFT_STANDARD_LIBRARIES = YES;
				BUNDLE_LOADER = "$(TEST_HOST)";
				CODE_SIGN_STYLE = Automatic;
				INFOPLIST_FILE = OrganizeItAllTests/Info.plist;
				IPHONEOS_DEPLOYMENT_TARGET = 13.2;
				LD_RUNPATH_SEARCH_PATHS = (
					"$(inherited)",
					"@executable_path/Frameworks",
					"@loader_path/Frameworks",
				);
				PRODUCT_BUNDLE_IDENTIFIER = com.moyarich.OrganizeItAllTests;
				PRODUCT_NAME = "$(TARGET_NAME)";
				SWIFT_VERSION = 5.0;
				TARGETED_DEVICE_FAMILY = "1,2";
				TEST_HOST = "$(BUILT_PRODUCTS_DIR)/OrganizeItAll.app/OrganizeItAll";
			};
			name = Release;
		};
		33233FBF24148DAC00A9395D /* Debug */ = {
			isa = XCBuildConfiguration;
			buildSettings = {
				ALWAYS_EMBED_SWIFT_STANDARD_LIBRARIES = YES;
				CODE_SIGN_STYLE = Automatic;
				INFOPLIST_FILE = OrganizeItAllUITests/Info.plist;
				LD_RUNPATH_SEARCH_PATHS = (
					"$(inherited)",
					"@executable_path/Frameworks",
					"@loader_path/Frameworks",
				);
				PRODUCT_BUNDLE_IDENTIFIER = com.moyarich.OrganizeItAllUITests;
				PRODUCT_NAME = "$(TARGET_NAME)";
				SWIFT_VERSION = 5.0;
				TARGETED_DEVICE_FAMILY = "1,2";
				TEST_TARGET_NAME = OrganizeItAll;
			};
			name = Debug;
		};
		33233FC024148DAC00A9395D /* Release */ = {
			isa = XCBuildConfiguration;
			buildSettings = {
				ALWAYS_EMBED_SWIFT_STANDARD_LIBRARIES = YES;
				CODE_SIGN_STYLE = Automatic;
				INFOPLIST_FILE = OrganizeItAllUITests/Info.plist;
				LD_RUNPATH_SEARCH_PATHS = (
					"$(inherited)",
					"@executable_path/Frameworks",
					"@loader_path/Frameworks",
				);
				PRODUCT_BUNDLE_IDENTIFIER = com.moyarich.OrganizeItAllUITests;
				PRODUCT_NAME = "$(TARGET_NAME)";
				SWIFT_VERSION = 5.0;
				TARGETED_DEVICE_FAMILY = "1,2";
				TEST_TARGET_NAME = OrganizeItAll;
			};
			name = Release;
		};
/* End XCBuildConfiguration section */

/* Begin XCConfigurationList section */
		33233F8924148DA600A9395D /* Build configuration list for PBXProject "OrganizeItAll" */ = {
			isa = XCConfigurationList;
			buildConfigurations = (
				33233FB624148DAC00A9395D /* Debug */,
				33233FB724148DAC00A9395D /* Release */,
			);
			defaultConfigurationIsVisible = 0;
			defaultConfigurationName = Release;
		};
		33233FB824148DAC00A9395D /* Build configuration list for PBXNativeTarget "OrganizeItAll" */ = {
			isa = XCConfigurationList;
			buildConfigurations = (
				33233FB924148DAC00A9395D /* Debug */,
				33233FBA24148DAC00A9395D /* Release */,
			);
			defaultConfigurationIsVisible = 0;
			defaultConfigurationName = Release;
		};
		33233FBB24148DAC00A9395D /* Build configuration list for PBXNativeTarget "OrganizeItAllTests" */ = {
			isa = XCConfigurationList;
			buildConfigurations = (
				33233FBC24148DAC00A9395D /* Debug */,
				33233FBD24148DAC00A9395D /* Release */,
			);
			defaultConfigurationIsVisible = 0;
			defaultConfigurationName = Release;
		};
		33233FBE24148DAC00A9395D /* Build configuration list for PBXNativeTarget "OrganizeItAllUITests" */ = {
			isa = XCConfigurationList;
			buildConfigurations = (
				33233FBF24148DAC00A9395D /* Debug */,
				33233FC024148DAC00A9395D /* Release */,
			);
			defaultConfigurationIsVisible = 0;
			defaultConfigurationName = Release;
		};
/* End XCConfigurationList section */

/* Begin XCVersionGroup section */
		3330D329241F2823003BB8F5 /* OrganizeItAll.xcdatamodeld */ = {
			isa = XCVersionGroup;
			children = (
				3330D32A241F2823003BB8F5 /* OrganizeItAll.xcdatamodel */,
			);
			currentVersion = 3330D32A241F2823003BB8F5 /* OrganizeItAll.xcdatamodel */;
			path = OrganizeItAll.xcdatamodeld;
			sourceTree = "<group>";
			versionGroupType = wrapper.xcdatamodel;
		};
/* End XCVersionGroup section */
	};
	rootObject = 33233F8624148DA600A9395D /* Project object */;
}
